
Microsoft Visual Studio Solution File, Format Version 12.00
# Visual Studio 15
VisualStudioVersion = 15.0.28307.902
MinimumVisualStudioVersion = 10.0.40219.1
Project("{FAE04EC0-301F-11D3-BF4B-00C04F79EFBC}") = "IHC.Web", "IHC.Web\IHC.Web.csproj", "{649F56F0-9191-457F-A311-5CF5203526F0}"
EndProject
Project("{FAE04EC0-301F-11D3-BF4B-00C04F79EFBC}") = "IHC.Service", "IHC.Service\IHC.Service.csproj", "{45A0DA36-8B0F-49D9-9FF9-28A64DC0D7BA}"
EndProject
Project("{E53339B2-1760-4266-BCC7-CA923CBCF16C}") = "docker-compose", "docker-compose.dcproj", "{97D63071-7599-42C4-B371-88FCF3AFE7A8}"
EndProject
Global
	GlobalSection(SolutionConfigurationPlatforms) = preSolution
		Debug|Any CPU = Debug|Any CPU
		Release|Any CPU = Release|Any CPU
	EndGlobalSection
	GlobalSection(ProjectConfigurationPlatforms) = postSolution
		{649F56F0-9191-457F-A311-5CF5203526F0}.Debug|Any CPU.ActiveCfg = Debug|Any CPU
		{649F56F0-9191-457F-A311-5CF5203526F0}.Debug|Any CPU.Build.0 = Debug|Any CPU
		{649F56F0-9191-457F-A311-5CF5203526F0}.Release|Any CPU.ActiveCfg = Release|Any CPU
		{649F56F0-9191-457F-A311-5CF5203526F0}.Release|Any CPU.Build.0 = Release|Any CPU
		{45A0DA36-8B0F-49D9-9FF9-28A64DC0D7BA}.Debug|Any CPU.ActiveCfg = Debug|Any CPU
		{45A0DA36-8B0F-49D9-9FF9-28A64DC0D7BA}.Debug|Any CPU.Build.0 = Debug|Any CPU
		{45A0DA36-8B0F-49D9-9FF9-28A64DC0D7BA}.Release|Any CPU.ActiveCfg = Release|Any CPU
		{45A0DA36-8B0F-49D9-9FF9-28A64DC0D7BA}.Release|Any CPU.Build.0 = Release|Any CPU
		{97D63071-7599-42C4-B371-88FCF3AFE7A8}.Debug|Any CPU.ActiveCfg = Debug|Any CPU
		{97D63071-7599-42C4-B371-88FCF3AFE7A8}.Debug|Any CPU.Build.0 = Debug|Any CPU
		{97D63071-7599-42C4-B371-88FCF3AFE7A8}.Release|Any CPU.ActiveCfg = Release|Any CPU
		{97D63071-7599-42C4-B371-88FCF3AFE7A8}.Release|Any CPU.Build.0 = Release|Any CPU
	EndGlobalSection
	GlobalSection(SolutionProperties) = preSolution
		HideSolutionNode = FALSE
	EndGlobalSection
	GlobalSection(ExtensibilityGlobals) = postSolution
		SolutionGuid = {A02A98EE-CFA3-4007-961A-AFAA74F811D8}
	EndGlobalSection
EndGlobal
